
Microsoft Visual Studio Solution File, Format Version 12.00
# Visual Studio 14
VisualStudioVersion = 14.0.25420.1
MinimumVisualStudioVersion = 10.0.40219.1
Project("{2150E333-8FDC-42A3-9474-1A3956D46DE8}") = "Engine", "Engine", "{64484B4F-292F-4812-969D-CDE89CA7B18F}"
EndProject
Project("{2150E333-8FDC-42A3-9474-1A3956D46DE8}") = "Games", "Games", "{A5A928EA-CB5E-4617-93D5-5BB537CCBBCF}"
EndProject
Project("{8BC9CEB8-8B4A-11D0-8D11-00A0C91BC942}") = "UE4", "Intermediate\ProjectFiles\UE4.vcxproj", "{50E401A6-12C9-42B5-B4D6-913E51DA9289}"
EndProject
Project("{8BC9CEB8-8B4A-11D0-8D11-00A0C91BC942}") = "Spike16", "Intermediate\ProjectFiles\Spike16.vcxproj", "{552CD14B-1DAD-4772-AA1F-96759480AB63}"
EndProject
Global
	GlobalSection(SolutionConfigurationPlatforms) = preSolution
		DebugGame Editor|HTML5 = DebugGame Editor|HTML5
		DebugGame Editor|Win32 = DebugGame Editor|Win32
		DebugGame Editor|Win64 = DebugGame Editor|Win64
		DebugGame|HTML5 = DebugGame|HTML5
		DebugGame|Win32 = DebugGame|Win32
		DebugGame|Win64 = DebugGame|Win64
		Development Editor|HTML5 = Development Editor|HTML5
		Development Editor|Win32 = Development Editor|Win32
		Development Editor|Win64 = Development Editor|Win64
		Development|HTML5 = Development|HTML5
		Development|Win32 = Development|Win32
		Development|Win64 = Development|Win64
		Shipping|HTML5 = Shipping|HTML5
		Shipping|Win32 = Shipping|Win32
		Shipping|Win64 = Shipping|Win64
	EndGlobalSection
	GlobalSection(ProjectConfigurationPlatforms) = postSolution
		{50E401A6-12C9-42B5-B4D6-913E51DA9289}.DebugGame Editor|HTML5.ActiveCfg = BuiltWithUnrealBuildTool|Win32
		{50E401A6-12C9-42B5-B4D6-913E51DA9289}.DebugGame Editor|HTML5.Build.0 = BuiltWithUnrealBuildTool|Win32
		{50E401A6-12C9-42B5-B4D6-913E51DA9289}.DebugGame Editor|Win32.ActiveCfg = BuiltWithUnrealBuildTool|Win32
		{50E401A6-12C9-42B5-B4D6-913E51DA9289}.DebugGame Editor|Win32.Build.0 = BuiltWithUnrealBuildTool|Win32
		{50E401A6-12C9-42B5-B4D6-913E51DA9289}.DebugGame Editor|Win64.ActiveCfg = BuiltWithUnrealBuildTool|Win32
		{50E401A6-12C9-42B5-B4D6-913E51DA9289}.DebugGame Editor|Win64.Build.0 = BuiltWithUnrealBuildTool|Win32
		{50E401A6-12C9-42B5-B4D6-913E51DA9289}.DebugGame|HTML5.ActiveCfg = BuiltWithUnrealBuildTool|Win32
		{50E401A6-12C9-42B5-B4D6-913E51DA9289}.DebugGame|HTML5.Build.0 = BuiltWithUnrealBuildTool|Win32
		{50E401A6-12C9-42B5-B4D6-913E51DA9289}.DebugGame|Win32.ActiveCfg = BuiltWithUnrealBuildTool|Win32
		{50E401A6-12C9-42B5-B4D6-913E51DA9289}.DebugGame|Win32.Build.0 = BuiltWithUnrealBuildTool|Win32
		{50E401A6-12C9-42B5-B4D6-913E51DA9289}.DebugGame|Win64.ActiveCfg = BuiltWithUnrealBuildTool|Win32
		{50E401A6-12C9-42B5-B4D6-913E51DA9289}.DebugGame|Win64.Build.0 = BuiltWithUnrealBuildTool|Win32
		{50E401A6-12C9-42B5-B4D6-913E51DA9289}.Development Editor|HTML5.ActiveCfg = BuiltWithUnrealBuildTool|Win32
		{50E401A6-12C9-42B5-B4D6-913E51DA9289}.Development Editor|HTML5.Build.0 = BuiltWithUnrealBuildTool|Win32
		{50E401A6-12C9-42B5-B4D6-913E51DA9289}.Development Editor|Win32.ActiveCfg = BuiltWithUnrealBuildTool|Win32
		{50E401A6-12C9-42B5-B4D6-913E51DA9289}.Development Editor|Win32.Build.0 = BuiltWithUnrealBuildTool|Win32
		{50E401A6-12C9-42B5-B4D6-913E51DA9289}.Development Editor|Win64.ActiveCfg = BuiltWithUnrealBuildTool|Win32
		{50E401A6-12C9-42B5-B4D6-913E51DA9289}.Development Editor|Win64.Build.0 = BuiltWithUnrealBuildTool|Win32
		{50E401A6-12C9-42B5-B4D6-913E51DA9289}.Development|HTML5.ActiveCfg = BuiltWithUnrealBuildTool|Win32
		{50E401A6-12C9-42B5-B4D6-913E51DA9289}.Development|HTML5.Build.0 = BuiltWithUnrealBuildTool|Win32
		{50E401A6-12C9-42B5-B4D6-913E51DA9289}.Development|Win32.ActiveCfg = BuiltWithUnrealBuildTool|Win32
		{50E401A6-12C9-42B5-B4D6-913E51DA9289}.Development|Win32.Build.0 = BuiltWithUnrealBuildTool|Win32
		{50E401A6-12C9-42B5-B4D6-913E51DA9289}.Development|Win64.ActiveCfg = BuiltWithUnrealBuildTool|Win32
		{50E401A6-12C9-42B5-B4D6-913E51DA9289}.Development|Win64.Build.0 = BuiltWithUnrealBuildTool|Win32
		{50E401A6-12C9-42B5-B4D6-913E51DA9289}.Shipping|HTML5.ActiveCfg = BuiltWithUnrealBuildTool|Win32
		{50E401A6-12C9-42B5-B4D6-913E51DA9289}.Shipping|HTML5.Build.0 = BuiltWithUnrealBuildTool|Win32
		{50E401A6-12C9-42B5-B4D6-913E51DA9289}.Shipping|Win32.ActiveCfg = BuiltWithUnrealBuildTool|Win32
		{50E401A6-12C9-42B5-B4D6-913E51DA9289}.Shipping|Win32.Build.0 = BuiltWithUnrealBuildTool|Win32
		{50E401A6-12C9-42B5-B4D6-913E51DA9289}.Shipping|Win64.ActiveCfg = BuiltWithUnrealBuildTool|Win32
		{50E401A6-12C9-42B5-B4D6-913E51DA9289}.Shipping|Win64.Build.0 = BuiltWithUnrealBuildTool|Win32
		{552CD14B-1DAD-4772-AA1F-96759480AB63}.DebugGame Editor|HTML5.ActiveCfg = HTML5_DebugGame_Editor|Win32
		{552CD14B-1DAD-4772-AA1F-96759480AB63}.DebugGame Editor|Win32.ActiveCfg = DebugGame_Editor|Win32
		{552CD14B-1DAD-4772-AA1F-96759480AB63}.DebugGame Editor|Win64.ActiveCfg = DebugGame_Editor|x64
		{552CD14B-1DAD-4772-AA1F-96759480AB63}.DebugGame Editor|Win64.Build.0 = DebugGame_Editor|x64
		{552CD14B-1DAD-4772-AA1F-96759480AB63}.DebugGame|HTML5.ActiveCfg = HTML5_DebugGame_Game|Win32
		{552CD14B-1DAD-4772-AA1F-96759480AB63}.DebugGame|HTML5.Build.0 = HTML5_DebugGame_Game|Win32
		{552CD14B-1DAD-4772-AA1F-96759480AB63}.DebugGame|Win32.ActiveCfg = DebugGame_Game|Win32
		{552CD14B-1DAD-4772-AA1F-96759480AB63}.DebugGame|Win32.Build.0 = DebugGame_Game|Win32
		{552CD14B-1DAD-4772-AA1F-96759480AB63}.DebugGame|Win64.ActiveCfg = DebugGame_Game|x64
		{552CD14B-1DAD-4772-AA1F-96759480AB63}.DebugGame|Win64.Build.0 = DebugGame_Game|x64
		{552CD14B-1DAD-4772-AA1F-96759480AB63}.Development Editor|HTML5.ActiveCfg = HTML5_Development_Editor|Win32
		{552CD14B-1DAD-4772-AA1F-96759480AB63}.Development Editor|Win32.ActiveCfg = Development_Editor|Win32
		{552CD14B-1DAD-4772-AA1F-96759480AB63}.Development Editor|Win64.ActiveCfg = Development_Editor|x64
		{552CD14B-1DAD-4772-AA1F-96759480AB63}.Development Editor|Win64.Build.0 = Development_Editor|x64
		{552CD14B-1DAD-4772-AA1F-96759480AB63}.Development|HTML5.ActiveCfg = HTML5_Development_Game|Win32
		{552CD14B-1DAD-4772-AA1F-96759480AB63}.Development|HTML5.Build.0 = HTML5_Development_Game|Win32
		{552CD14B-1DAD-4772-AA1F-96759480AB63}.Development|Win32.ActiveCfg = Development_Game|Win32
		{552CD14B-1DAD-4772-AA1F-96759480AB63}.Development|Win32.Build.0 = Development_Game|Win32
		{552CD14B-1DAD-4772-AA1F-96759480AB63}.Development|Win64.ActiveCfg = Development_Game|x64
		{552CD14B-1DAD-4772-AA1F-96759480AB63}.Development|Win64.Build.0 = Development_Game|x64
		{552CD14B-1DAD-4772-AA1F-96759480AB63}.Shipping|HTML5.ActiveCfg = HTML5_Shipping_Game|Win32
		{552CD14B-1DAD-4772-AA1F-96759480AB63}.Shipping|HTML5.Build.0 = HTML5_Shipping_Game|Win32
		{552CD14B-1DAD-4772-AA1F-96759480AB63}.Shipping|Win32.ActiveCfg = Shipping_Game|Win32
		{552CD14B-1DAD-4772-AA1F-96759480AB63}.Shipping|Win32.Build.0 = Shipping_Game|Win32
		{552CD14B-1DAD-4772-AA1F-96759480AB63}.Shipping|Win64.ActiveCfg = Shipping_Game|x64
		{552CD14B-1DAD-4772-AA1F-96759480AB63}.Shipping|Win64.Build.0 = Shipping_Game|x64
	EndGlobalSection
	GlobalSection(SolutionProperties) = preSolution
		HideSolutionNode = FALSE
	EndGlobalSection
	GlobalSection(NestedProjects) = preSolution
		{50E401A6-12C9-42B5-B4D6-913E51DA9289} = {64484B4F-292F-4812-969D-CDE89CA7B18F}
		{552CD14B-1DAD-4772-AA1F-96759480AB63} = {A5A928EA-CB5E-4617-93D5-5BB537CCBBCF}
	EndGlobalSection
EndGlobal
