
Microsoft Visual Studio Solution File, Format Version 12.00
# Visual Studio 2013
VisualStudioVersion = 12.0.21005.1
MinimumVisualStudioVersion = 10.0.40219.1
Project("{8BC9CEB8-8B4A-11D0-8D11-00A0C91BC942}") = "Zorcish", "Zorcish\Zorcish.vcxproj", "{01C954B7-6815-4A0A-B8AF-96CCE3266F71}"
EndProject
Project("{8BC9CEB8-8B4A-11D0-8D11-00A0C91BC942}") = "ZorcishTest", "ZorcishTest\ZorcishTest.vcxproj", "{74CFE276-4AD2-4CDA-98D7-2F33DE8FC3DB}"
	ProjectSection(ProjectDependencies) = postProject
		{01C954B7-6815-4A0A-B8AF-96CCE3266F71} = {01C954B7-6815-4A0A-B8AF-96CCE3266F71}
	EndProjectSection
EndProject
Global
	GlobalSection(SolutionConfigurationPlatforms) = preSolution
		Debug|Mixed Platforms = Debug|Mixed Platforms
		Debug|Win32 = Debug|Win32
		Debug|x64 = Debug|x64
		Debug|x86 = Debug|x86
		Release|Mixed Platforms = Release|Mixed Platforms
		Release|Win32 = Release|Win32
		Release|x64 = Release|x64
		Release|x86 = Release|x86
	EndGlobalSection
	GlobalSection(ProjectConfigurationPlatforms) = postSolution
		{01C954B7-6815-4A0A-B8AF-96CCE3266F71}.Debug|Mixed Platforms.ActiveCfg = Debug|Win32
		{01C954B7-6815-4A0A-B8AF-96CCE3266F71}.Debug|Mixed Platforms.Build.0 = Debug|Win32
		{01C954B7-6815-4A0A-B8AF-96CCE3266F71}.Debug|Win32.ActiveCfg = Debug|Win32
		{01C954B7-6815-4A0A-B8AF-96CCE3266F71}.Debug|Win32.Build.0 = Debug|Win32
		{01C954B7-6815-4A0A-B8AF-96CCE3266F71}.Debug|x64.ActiveCfg = Debug|x64
		{01C954B7-6815-4A0A-B8AF-96CCE3266F71}.Debug|x64.Build.0 = Debug|x64
		{01C954B7-6815-4A0A-B8AF-96CCE3266F71}.Debug|x86.ActiveCfg = Debug|Win32
		{01C954B7-6815-4A0A-B8AF-96CCE3266F71}.Debug|x86.Build.0 = Debug|Win32
		{01C954B7-6815-4A0A-B8AF-96CCE3266F71}.Release|Mixed Platforms.ActiveCfg = Release|Win32
		{01C954B7-6815-4A0A-B8AF-96CCE3266F71}.Release|Mixed Platforms.Build.0 = Release|Win32
		{01C954B7-6815-4A0A-B8AF-96CCE3266F71}.Release|Win32.ActiveCfg = Release|Win32
		{01C954B7-6815-4A0A-B8AF-96CCE3266F71}.Release|Win32.Build.0 = Release|Win32
		{01C954B7-6815-4A0A-B8AF-96CCE3266F71}.Release|x64.ActiveCfg = Release|x64
		{01C954B7-6815-4A0A-B8AF-96CCE3266F71}.Release|x64.Build.0 = Release|x64
		{01C954B7-6815-4A0A-B8AF-96CCE3266F71}.Release|x86.ActiveCfg = Release|Win32
		{01C954B7-6815-4A0A-B8AF-96CCE3266F71}.Release|x86.Build.0 = Release|Win32
		{74CFE276-4AD2-4CDA-98D7-2F33DE8FC3DB}.Debug|Mixed Platforms.ActiveCfg = Debug|Win32
		{74CFE276-4AD2-4CDA-98D7-2F33DE8FC3DB}.Debug|Mixed Platforms.Build.0 = Debug|Win32
		{74CFE276-4AD2-4CDA-98D7-2F33DE8FC3DB}.Debug|Win32.ActiveCfg = Debug|Win32
		{74CFE276-4AD2-4CDA-98D7-2F33DE8FC3DB}.Debug|Win32.Build.0 = Debug|Win32
		{74CFE276-4AD2-4CDA-98D7-2F33DE8FC3DB}.Debug|x64.ActiveCfg = Debug|Win32
		{74CFE276-4AD2-4CDA-98D7-2F33DE8FC3DB}.Debug|x86.ActiveCfg = Debug|Win32
		{74CFE276-4AD2-4CDA-98D7-2F33DE8FC3DB}.Debug|x86.Build.0 = Debug|Win32
		{74CFE276-4AD2-4CDA-98D7-2F33DE8FC3DB}.Release|Mixed Platforms.ActiveCfg = Release|Win32
		{74CFE276-4AD2-4CDA-98D7-2F33DE8FC3DB}.Release|Mixed Platforms.Build.0 = Release|Win32
		{74CFE276-4AD2-4CDA-98D7-2F33DE8FC3DB}.Release|Win32.ActiveCfg = Release|Win32
		{74CFE276-4AD2-4CDA-98D7-2F33DE8FC3DB}.Release|Win32.Build.0 = Release|Win32
		{74CFE276-4AD2-4CDA-98D7-2F33DE8FC3DB}.Release|x64.ActiveCfg = Release|Win32
		{74CFE276-4AD2-4CDA-98D7-2F33DE8FC3DB}.Release|x86.ActiveCfg = Release|Win32
		{74CFE276-4AD2-4CDA-98D7-2F33DE8FC3DB}.Release|x86.Build.0 = Release|Win32
	EndGlobalSection
	GlobalSection(SolutionProperties) = preSolution
		HideSolutionNode = FALSE
	EndGlobalSection
EndGlobal
